# This file is generated by running "yarn install" inside your project.
# Manual changes might be lost - proceed with caution!

__metadata:
  version: 6
  cacheKey: 8

"bignumber.js@npm:^9.0.0":
  version: 9.0.1
  resolution: "bignumber.js@npm:9.0.1"
  checksum: 6e72f6069d9db32fc8d27561164de9f811b15f9144be61f323d8b36150a239eea50c92e20ba38af2ba5e717af10b8ef12db8f9948fe2ff02bf17ede5239d15d3
  languageName: node
  linkType: hard

"chia-api@workspace:.":
  version: 0.0.0-use.local
  resolution: "chia-api@workspace:."
  dependencies:
    json-bigint: ^1.0.0
    ws: ^8.15.0
  languageName: unknown
  linkType: soft

"json-bigint@npm:^1.0.0":
  version: 1.0.0
  resolution: "json-bigint@npm:1.0.0"
  dependencies:
    bignumber.js: ^9.0.0
  checksum: c67bb93ccb3c291e60eb4b62931403e378906aab113ec1c2a8dd0f9a7f065ad6fd9713d627b732abefae2e244ac9ce1721c7a3142b2979532f12b258634ce6f6
  languageName: node
  linkType: hard

"ws@npm:^8.15.0":
  version: 8.15.0
  resolution: "ws@npm:8.15.0"
  peerDependencies:
    bufferutil: ^4.0.1
    utf-8-validate: ">=5.0.2"
  peerDependenciesMeta:
    bufferutil:
      optional: true
    utf-8-validate:
      optional: true
  checksum: ca15c590aa49bc0197223b8ab7d15e7362ae6c4011d91ed0e5cd5867cdd5497fd71470ea36314833b4b078929fe64dc4ba7748b1e58e50a0f8e41f147db2b464
  languageName: node
  linkType: hard
